Microsoft Visual Studio Solution File, Format Version 11.00
# Visual Studio 2010
Project("{FAE04EC0-301F-11D3-BF4B-00C04F79EFBC}") = "DXDocking_Layout", "DXDocking_Layout\DXDocking_Layout.csproj", "{B92E63C2-DB04-4BF5-BF86-18E7A3AEC5D1}"
EndProject
Global
	GlobalSection(SolutionConfigurationPlatforms) = preSolution
		Debug|Any CPU = Debug|Any CPU
		Release|Any CPU = Release|Any CPU
	EndGlobalSection
	GlobalSection(ProjectConfigurationPlatforms) = postSolution
		{B92E63C2-DB04-4BF5-BF86-18E7A3AEC5D1}.Debug|Any CPU.ActiveCfg = Debug|Any CPU
		{B92E63C2-DB04-4BF5-BF86-18E7A3AEC5D1}.Debug|Any CPU.Build.0 = Debug|Any CPU
		{B92E63C2-DB04-4BF5-BF86-18E7A3AEC5D1}.Release|Any CPU.ActiveCfg = Release|Any CPU
		{B92E63C2-DB04-4BF5-BF86-18E7A3AEC5D1}.Release|Any CPU.Build.0 = Release|Any CPU
	EndGlobalSection
	GlobalSection(SolutionProperties) = preSolution
		HideSolutionNode = FALSE
	EndGlobalSection
EndGlobal
